
Microsoft Visual Studio Solution File, Format Version 12.00
# Visual Studio Version 16
VisualStudioVersion = 16.0.31702.278
MinimumVisualStudioVersion = 10.0.40219.1
Project("{9A19103F-16F7-4668-BE54-9A1E7A4F7556}") = "SMT.Domain", "SMT.Domain\SMT.Domain.csproj", "{4A908C40-7C0D-4FEC-8BA3-42F26EC17295}"
EndProject
Project("{FAE04EC0-301F-11D3-BF4B-00C04F79EFBC}") = "SMT.Access", "SMT.Access\SMT.Access.csproj", "{92B0E393-5133-4E5E-B6EF-5E0CAB4D08A8}"
EndProject
Global
	GlobalSection(SolutionConfigurationPlatforms) = preSolution
		Debug|Any CPU = Debug|Any CPU
		Release|Any CPU = Release|Any CPU
	EndGlobalSection
	GlobalSection(ProjectConfigurationPlatforms) = postSolution
		{4A908C40-7C0D-4FEC-8BA3-42F26EC17295}.Debug|Any CPU.ActiveCfg = Debug|Any CPU
		{4A908C40-7C0D-4FEC-8BA3-42F26EC17295}.Debug|Any CPU.Build.0 = Debug|Any CPU
		{4A908C40-7C0D-4FEC-8BA3-42F26EC17295}.Release|Any CPU.ActiveCfg = Release|Any CPU
		{4A908C40-7C0D-4FEC-8BA3-42F26EC17295}.Release|Any CPU.Build.0 = Release|Any CPU
		{92B0E393-5133-4E5E-B6EF-5E0CAB4D08A8}.Debug|Any CPU.ActiveCfg = Debug|Any CPU
		{92B0E393-5133-4E5E-B6EF-5E0CAB4D08A8}.Debug|Any CPU.Build.0 = Debug|Any CPU
		{92B0E393-5133-4E5E-B6EF-5E0CAB4D08A8}.Release|Any CPU.ActiveCfg = Release|Any CPU
		{92B0E393-5133-4E5E-B6EF-5E0CAB4D08A8}.Release|Any CPU.Build.0 = Release|Any CPU
	EndGlobalSection
	GlobalSection(SolutionProperties) = preSolution
		HideSolutionNode = FALSE
	EndGlobalSection
	GlobalSection(ExtensibilityGlobals) = postSolution
		SolutionGuid = {2EA9BAF1-1A7B-4A63-889A-741EE18A7A99}
	EndGlobalSection
EndGlobal
